// !$*UTF8*$!
{
	archiveVersion = 1;
	classes = {
	};
	objectVersion = 56;
	objects = {

/* Begin PBXBuildFile section */
		118D010F2CA7C1D30077B39E /* CanvasView.swift in Sources */ = {isa = PBXBuildFile; fileRef = 118D010E2CA7C1D30077B39E /* CanvasView.swift */; };
		1191CF252C8F242000B223FF /* AppDelegate.swift in Sources */ = {isa = PBXBuildFile; fileRef = 1191CF242C8F242000B223FF /* AppDelegate.swift */; };
		1191CF272C8F242000B223FF /* SceneDelegate.swift in Sources */ = {isa = PBXBuildFile; fileRef = 1191CF262C8F242000B223FF /* SceneDelegate.swift */; };
		1191CF292C8F242000B223FF /* ViewController.swift in Sources */ = {isa = PBXBuildFile; fileRef = 1191CF282C8F242000B223FF /* ViewController.swift */; };
		1191CF2C2C8F242000B223FF /* Main.storyboard in Resources */ = {isa = PBXBuildFile; fileRef = 1191CF2A2C8F242000B223FF /* Main.storyboard */; };
		1191CF2E2C8F242300B223FF /* Assets.xcassets in Resources */ = {isa = PBXBuildFile; fileRef = 1191CF2D2C8F242300B223FF /* Assets.xcassets */; };
		1191CF312C8F242300B223FF /* LaunchScreen.storyboard in Resources */ = {isa = PBXBuildFile; fileRef = 1191CF2F2C8F242300B223FF /* LaunchScreen.storyboard */; };
		11E9DD222C9BFA7600AECCB8 /* DockCollectionView.swift in Sources */ = {isa = PBXBuildFile; fileRef = 11E9DD212C9BFA7600AECCB8 /* DockCollectionView.swift */; };
		11E9DD262C9C188C00AECCB8 /* DockCollectionViewCell.swift in Sources */ = {isa = PBXBuildFile; fileRef = 11E9DD252C9C188C00AECCB8 /* DockCollectionViewCell.swift */; };
		11E9DD282C9C19D500AECCB8 /* DockCellModel.swift in Sources */ = {isa = PBXBuildFile; fileRef = 11E9DD272C9C19D500AECCB8 /* DockCellModel.swift */; };
/* End PBXBuildFile section */

/* Begin PBXFileReference section */
		118D010E2CA7C1D30077B39E /* CanvasView.swift */ = {isa = PBXFileReference; lastKnownFileType = sourcecode.swift; path = CanvasView.swift; sourceTree = "<group>"; };
		1191CF212C8F242000B223FF /* iOS-Dock.app */ = {isa = PBXFileReference; explicitFileType = wrapper.application; includeInIndex = 0; path = "iOS-Dock.app"; sourceTree = BUILT_PRODUCTS_DIR; };
		1191CF242C8F242000B223FF /* AppDelegate.swift */ = {isa = PBXFileReference; lastKnownFileType = sourcecode.swift; path = AppDelegate.swift; sourceTree = "<group>"; };
		1191CF262C8F242000B223FF /* SceneDelegate.swift */ = {isa = PBXFileReference; lastKnownFileType = sourcecode.swift; path = SceneDelegate.swift; sourceTree = "<group>"; };
		1191CF282C8F242000B223FF /* ViewController.swift */ = {isa = PBXFileReference; lastKnownFileType = sourcecode.swift; path = ViewController.swift; sourceTree = "<group>"; };
		1191CF2B2C8F242000B223FF /* Base */ = {isa = PBXFileReference; lastKnownFileType = file.storyboard; name = Base; path = Base.lproj/Main.storyboard; sourceTree = "<group>"; };
		1191CF2D2C8F242300B223FF /* Assets.xcassets */ = {isa = PBXFileReference; lastKnownFileType = folder.assetcatalog; path = Assets.xcassets; sourceTree = "<group>"; };
		1191CF302C8F242300B223FF /* Base */ = {isa = PBXFileReference; lastKnownFileType = file.storyboard; name = Base; path = Base.lproj/LaunchScreen.storyboard; sourceTree = "<group>"; };
		1191CF322C8F242300B223FF /* Info.plist */ = {isa = PBXFileReference; lastKnownFileType = text.plist.xml; path = Info.plist; sourceTree = "<group>"; };
		11E9DD212C9BFA7600AECCB8 /* DockCollectionView.swift */ = {isa = PBXFileReference; fileEncoding = 4; lastKnownFileType = sourcecode.swift; path = DockCollectionView.swift; sourceTree = "<group>"; };
		11E9DD252C9C188C00AECCB8 /* DockCollectionViewCell.swift */ = {isa = PBXFileReference; lastKnownFileType = sourcecode.swift; path = DockCollectionViewCell.swift; sourceTree = "<group>"; };
		11E9DD272C9C19D500AECCB8 /* DockCellModel.swift */ = {isa = PBXFileReference; lastKnownFileType = sourcecode.swift; path = DockCellModel.swift; sourceTree = "<group>"; };
/* End PBXFileReference section */

/* Begin PBXFrameworksBuildPhase section */
		1191CF1E2C8F242000B223FF /* Frameworks */ = {
			isa = PBXFrameworksBuildPhase;
			buildActionMask = 2147483647;
			files = (
			);
			runOnlyForDeploymentPostprocessing = 0;
		};
/* End PBXFrameworksBuildPhase section */

/* Begin PBXGroup section */
		1191CF182C8F242000B223FF = {
			isa = PBXGroup;
			children = (
				1191CF232C8F242000B223FF /* iOS-Dock */,
				1191CF222C8F242000B223FF /* Products */,
			);
			sourceTree = "<group>";
		};
		1191CF222C8F242000B223FF /* Products */ = {
			isa = PBXGroup;
			children = (
				1191CF212C8F242000B223FF /* iOS-Dock.app */,
			);
			name = Products;
			sourceTree = "<group>";
		};
		1191CF232C8F242000B223FF /* iOS-Dock */ = {
			isa = PBXGroup;
			children = (
				1191CF242C8F242000B223FF /* AppDelegate.swift */,
				1191CF262C8F242000B223FF /* SceneDelegate.swift */,
				1191CF282C8F242000B223FF /* ViewController.swift */,
				118D010E2CA7C1D30077B39E /* CanvasView.swift */,
				11E9DD272C9C19D500AECCB8 /* DockCellModel.swift */,
				11E9DD212C9BFA7600AECCB8 /* DockCollectionView.swift */,
				11E9DD252C9C188C00AECCB8 /* DockCollectionViewCell.swift */,
				1191CF2A2C8F242000B223FF /* Main.storyboard */,
				1191CF2D2C8F242300B223FF /* Assets.xcassets */,
				1191CF2F2C8F242300B223FF /* LaunchScreen.storyboard */,
				1191CF322C8F242300B223FF /* Info.plist */,
			);
			path = "iOS-Dock";
			sourceTree = "<group>";
		};
/* End PBXGroup section */

/* Begin PBXNativeTarget section */
		1191CF202C8F242000B223FF /* iOS-Dock */ = {
			isa = PBXNativeTarget;
			buildConfigurationList = 1191CF352C8F242300B223FF /* Build configuration list for PBXNativeTarget "iOS-Dock" */;
			buildPhases = (
				1191CF1D2C8F242000B223FF /* Sources */,
				1191CF1E2C8F242000B223FF /* Frameworks */,
				1191CF1F2C8F242000B223FF /* Resources */,
			);
			buildRules = (
			);
			dependencies = (
			);
			name = "iOS-Dock";
			productName = "iOS-Dock";
			productReference = 1191CF212C8F242000B223FF /* iOS-Dock.app */;
			productType = "com.apple.product-type.application";
		};
/* End PBXNativeTarget section */

/* Begin PBXProject section */
		1191CF192C8F242000B223FF /* Project object */ = {
			isa = PBXProject;
			attributes = {
				BuildIndependentTargetsInParallel = 1;
				LastSwiftUpdateCheck = 1420;
				LastUpgradeCheck = 1420;
				TargetAttributes = {
					1191CF202C8F242000B223FF = {
						CreatedOnToolsVersion = 14.2;
					};
				};
			};
			buildConfigurationList = 1191CF1C2C8F242000B223FF /* Build configuration list for PBXProject "iOS-Dock" */;
			compatibilityVersion = "Xcode 14.0";
			developmentRegion = en;
			hasScannedForEncodings = 0;
			knownRegions = (
				en,
				Base,
			);
			mainGroup = 1191CF182C8F242000B223FF;
			productRefGroup = 1191CF222C8F242000B223FF /* Products */;
			projectDirPath = "";
			projectRoot = "";
			targets = (
				1191CF202C8F242000B223FF /* iOS-Dock */,
			);
		};
/* End PBXProject section */

/* Begin PBXResourcesBuildPhase section */
		1191CF1F2C8F242000B223FF /* Resources */ = {
			isa = PBXResourcesBuildPhase;
			buildActionMask = 2147483647;
			files = (
				1191CF312C8F242300B223FF /* LaunchScreen.storyboard in Resources */,
				1191CF2E2C8F242300B223FF /* Assets.xcassets in Resources */,
				1191CF2C2C8F242000B223FF /* Main.storyboard in Resources */,
			);
			runOnlyForDeploymentPostprocessing = 0;
		};
/* End PBXResourcesBuildPhase section */

/* Begin PBXSourcesBuildPhase section */
		1191CF1D2C8F242000B223FF /* Sources */ = {
			isa = PBXSourcesBuildPhase;
			buildActionMask = 2147483647;
			files = (
				1191CF292C8F242000B223FF /* ViewController.swift in Sources */,
				118D010F2CA7C1D30077B39E /* CanvasView.swift in Sources */,
				11E9DD262C9C188C00AECCB8 /* DockCollectionViewCell.swift in Sources */,
				1191CF252C8F242000B223FF /* AppDelegate.swift in Sources */,
				1191CF272C8F242000B223FF /* SceneDelegate.swift in Sources */,
				11E9DD282C9C19D500AECCB8 /* DockCellModel.swift in Sources */,
				11E9DD222C9BFA7600AECCB8 /* DockCollectionView.swift in Sources */,
			);
			runOnlyForDeploymentPostprocessing = 0;
		};
/* End PBXSourcesBuildPhase section */

/* Begin PBXVariantGroup section */
		1191CF2A2C8F242000B223FF /* Main.storyboard */ = {
			isa = PBXVariantGroup;
			children = (
				1191CF2B2C8F242000B223FF /* Base */,
			);
			name = Main.storyboard;
			sourceTree = "<group>";
		};
		1191CF2F2C8F242300B223FF /* LaunchScreen.storyboard */ = {
			isa = PBXVariantGroup;
			children = (
				1191CF302C8F242300B223FF /* Base */,
			);
			name = LaunchScreen.storyboard;
			sourceTree = "<group>";
		};
/* End PBXVariantGroup section */

/* Begin XCBuildConfiguration section */
		1191CF332C8F242300B223FF /* Debug */ = {
			isa = XCBuildConfiguration;
			buildSettings = {
				ALWAYS_SEARCH_USER_PATHS = NO;
				CLANG_ANALYZER_NONNULL = YES;
				CLANG_ANALYZER_NUMBER_OBJECT_CONVERSION = YES_AGGRESSIVE;
				CLANG_CXX_LANGUAGE_STANDARD = "gnu++20";
				CLANG_ENABLE_MODULES = YES;
				CLANG_ENABLE_OBJC_ARC = YES;
				CLANG_ENABLE_OBJC_WEAK = YES;
				CLANG_WARN_BLOCK_CAPTURE_AUTORELEASING = YES;
				CLANG_WARN_BOOL_CONVERSION = YES;
				CLANG_WARN_COMMA = YES;
				CLANG_WARN_CONSTANT_CONVERSION = YES;
				CLANG_WARN_DEPRECATED_OBJC_IMPLEMENTATIONS = YES;
				CLANG_WARN_DIRECT_OBJC_ISA_USAGE = YES_ERROR;
				CLANG_WARN_DOCUMENTATION_COMMENTS = YES;
				CLANG_WARN_EMPTY_BODY = YES;
				CLANG_WARN_ENUM_CONVERSION = YES;
				CLANG_WARN_INFINITE_RECURSION = YES;
				CLANG_WARN_INT_CONVERSION = YES;
				CLANG_WARN_NON_LITERAL_NULL_CONVERSION = YES;
				CLANG_WARN_OBJC_IMPLICIT_RETAIN_SELF = YES;
				CLANG_WARN_OBJC_LITERAL_CONVERSION = YES;
				CLANG_WARN_OBJC_ROOT_CLASS = YES_ERROR;
				CLANG_WARN_QUOTED_INCLUDE_IN_FRAMEWORK_HEADER = YES;
				CLANG_WARN_RANGE_LOOP_ANALYSIS = YES;
				CLANG_WARN_STRICT_PROTOTYPES = YES;
				CLANG_WARN_SUSPICIOUS_MOVE = YES;
				CLANG_WARN_UNGUARDED_AVAILABILITY = YES_AGGRESSIVE;
				CLANG_WARN_UNREACHABLE_CODE = YES;
				CLANG_WARN__DUPLICATE_METHOD_MATCH = YES;
				COPY_PHASE_STRIP = NO;
				DEBUG_INFORMATION_FORMAT = dwarf;
				ENABLE_STRICT_OBJC_MSGSEND = YES;
				ENABLE_TESTABILITY = YES;
				GCC_C_LANGUAGE_STANDARD = gnu11;
				GCC_DYNAMIC_NO_PIC = NO;
				GCC_NO_COMMON_BLOCKS = YES;
				GCC_OPTIMIZATION_LEVEL = 0;
				GCC_PREPROCESSOR_DEFINITIONS = (
					"DEBUG=1",
					"$(inherited)",
				);
				GCC_WARN_64_TO_32_BIT_CONVERSION = YES;
				GCC_WARN_ABOUT_RETURN_TYPE = YES_ERROR;
				GCC_WARN_UNDECLARED_SELECTOR = YES;
				GCC_WARN_UNINITIALIZED_AUTOS = YES_AGGRESSIVE;
				GCC_WARN_UNUSED_FUNCTION = YES;
				GCC_WARN_UNUSED_VARIABLE = YES;
				IPHONEOS_DEPLOYMENT_TARGET = 16.2;
				MTL_ENABLE_DEBUG_INFO = INCLUDE_SOURCE;
				MTL_FAST_MATH = YES;
				ONLY_ACTIVE_ARCH = YES;
				SDKROOT = iphoneos;
				SWIFT_ACTIVE_COMPILATION_CONDITIONS = DEBUG;
				SWIFT_OPTIMIZATION_LEVEL = "-Onone";
			};
			name = Debug;
		};
		1191CF342C8F242300B223FF /* Release */ = {
			isa = XCBuildConfiguration;
			buildSettings = {
				ALWAYS_SEARCH_USER_PATHS = NO;
				CLANG_ANALYZER_NONNULL = YES;
				CLANG_ANALYZER_NUMBER_OBJECT_CONVERSION = YES_AGGRESSIVE;
				CLANG_CXX_LANGUAGE_STANDARD = "gnu++20";
				CLANG_ENABLE_MODULES = YES;
				CLANG_ENABLE_OBJC_ARC = YES;
				CLANG_ENABLE_OBJC_WEAK = YES;
				CLANG_WARN_BLOCK_CAPTURE_AUTORELEASING = YES;
				CLANG_WARN_BOOL_CONVERSION = YES;
				CLANG_WARN_COMMA = YES;
				CLANG_WARN_CONSTANT_CONVERSION = YES;
				CLANG_WARN_DEPRECATED_OBJC_IMPLEMENTATIONS = YES;
				CLANG_WARN_DIRECT_OBJC_ISA_USAGE = YES_ERROR;
				CLANG_WARN_DOCUMENTATION_COMMENTS = YES;
				CLANG_WARN_EMPTY_BODY = YES;
				CLANG_WARN_ENUM_CONVERSION = YES;
				CLANG_WARN_INFINITE_RECURSION = YES;
				CLANG_WARN_INT_CONVERSION = YES;
				CLANG_WARN_NON_LITERAL_NULL_CONVERSION = YES;
				CLANG_WARN_OBJC_IMPLICIT_RETAIN_SELF = YES;
				CLANG_WARN_OBJC_LITERAL_CONVERSION = YES;
				CLANG_WARN_OBJC_ROOT_CLASS = YES_ERROR;
				CLANG_WARN_QUOTED_INCLUDE_IN_FRAMEWORK_HEADER = YES;
				CLANG_WARN_RANGE_LOOP_ANALYSIS = YES;
				CLANG_WARN_STRICT_PROTOTYPES = YES;
				CLANG_WARN_SUSPICIOUS_MOVE = YES;
				CLANG_WARN_UNGUARDED_AVAILABILITY = YES_AGGRESSIVE;
				CLANG_WARN_UNREACHABLE_CODE = YES;
				CLANG_WARN__DUPLICATE_METHOD_MATCH = YES;
				COPY_PHASE_STRIP = NO;
				DEBUG_INFORMATION_FORMAT = "dwarf-with-dsym";
				ENABLE_NS_ASSERTIONS = NO;
				ENABLE_STRICT_OBJC_MSGSEND = YES;
				GCC_C_LANGUAGE_STANDARD = gnu11;
				GCC_NO_COMMON_BLOCKS = YES;
				GCC_WARN_64_TO_32_BIT_CONVERSION = YES;
				GCC_WARN_ABOUT_RETURN_TYPE = YES_ERROR;
				GCC_WARN_UNDECLARED_SELECTOR = YES;
				GCC_WARN_UNINITIALIZED_AUTOS = YES_AGGRESSIVE;
				GCC_WARN_UNUSED_FUNCTION = YES;
				GCC_WARN_UNUSED_VARIABLE = YES;
				IPHONEOS_DEPLOYMENT_TARGET = 16.2;
				MTL_ENABLE_DEBUG_INFO = NO;
				MTL_FAST_MATH = YES;
				SDKROOT = iphoneos;
				SWIFT_COMPILATION_MODE = wholemodule;
				SWIFT_OPTIMIZATION_LEVEL = "-O";
				VALIDATE_PRODUCT = YES;
			};
			name = Release;
		};
		1191CF362C8F242300B223FF /* Debug */ = {
			isa = XCBuildConfiguration;
			buildSettings = {
				ASSETCATALOG_COMPILER_APPICON_NAME = AppIcon;
				ASSETCATALOG_COMPILER_GLOBAL_ACCENT_COLOR_NAME = AccentColor;
				CODE_SIGN_STYLE = Automatic;
				CURRENT_PROJECT_VERSION = 1;
				GENERATE_INFOPLIST_FILE = YES;
				INFOPLIST_FILE = "iOS-Dock/Info.plist";
				INFOPLIST_KEY_UIApplicationSupportsIndirectInputEvents = YES;
				INFOPLIST_KEY_UILaunchStoryboardName = LaunchScreen;
				INFOPLIST_KEY_UIMainStoryboardFile = Main;
				INFOPLIST_KEY_UISupportedInterfaceOrientations_iPad = "UIInterfaceOrientationPortrait UIInterfaceOrientationPortraitUpsideDown UIInterfaceOrientationLandscapeLeft UIInterfaceOrientationLandscapeRight";
				INFOPLIST_KEY_UISupportedInterfaceOrientations_iPhone = "UIInterfaceOrientationPortrait UIInterfaceOrientationLandscapeLeft UIInterfaceOrientationLandscapeRight";
				LD_RUNPATH_SEARCH_PATHS = (
					"$(inherited)",
					"@executable_path/Frameworks",
				);
				MARKETING_VERSION = 1.0;
				PRODUCT_BUNDLE_IDENTIFIER = "KAT-Inc.iOS-Dock";
				PRODUCT_NAME = "$(TARGET_NAME)";
				SWIFT_EMIT_LOC_STRINGS = YES;
				SWIFT_VERSION = 5.0;
				TARGETED_DEVICE_FAMILY = "1,2";
			};
			name = Debug;
		};
		1191CF372C8F242300B223FF /* Release */ = {
			isa = XCBuildConfiguration;
			buildSettings = {
				ASSETCATALOG_COMPILER_APPICON_NAME = AppIcon;
				ASSETCATALOG_COMPILER_GLOBAL_ACCENT_COLOR_NAME = AccentColor;
				CODE_SIGN_STYLE = Automatic;
				CURRENT_PROJECT_VERSION = 1;
				GENERATE_INFOPLIST_FILE = YES;
				INFOPLIST_FILE = "iOS-Dock/Info.plist";
				INFOPLIST_KEY_UIApplicationSupportsIndirectInputEvents = YES;
				INFOPLIST_KEY_UILaunchStoryboardName = LaunchScreen;
				INFOPLIST_KEY_UIMainStoryboardFile = Main;
				INFOPLIST_KEY_UISupportedInterfaceOrientations_iPad = "UIInterfaceOrientationPortrait UIInterfaceOrientationPortraitUpsideDown UIInterfaceOrientationLandscapeLeft UIInterfaceOrientationLandscapeRight";
				INFOPLIST_KEY_UISupportedInterfaceOrientations_iPhone = "UIInterfaceOrientationPortrait UIInterfaceOrientationLandscapeLeft UIInterfaceOrientationLandscapeRight";
				LD_RUNPATH_SEARCH_PATHS = (
					"$(inherited)",
					"@executable_path/Frameworks",
				);
				MARKETING_VERSION = 1.0;
				PRODUCT_BUNDLE_IDENTIFIER = "KAT-Inc.iOS-Dock";
				PRODUCT_NAME = "$(TARGET_NAME)";
				SWIFT_EMIT_LOC_STRINGS = YES;
				SWIFT_VERSION = 5.0;
				TARGETED_DEVICE_FAMILY = "1,2";
			};
			name = Release;
		};
/* End XCBuildConfiguration section */

/* Begin XCConfigurationList section */
		1191CF1C2C8F242000B223FF /* Build configuration list for PBXProject "iOS-Dock" */ = {
			isa = XCConfigurationList;
			buildConfigurations = (
				1191CF332C8F242300B223FF /* Debug */,
				1191CF342C8F242300B223FF /* Release */,
			);
			defaultConfigurationIsVisible = 0;
			defaultConfigurationName = Release;
		};
		1191CF352C8F242300B223FF /* Build configuration list for PBXNativeTarget "iOS-Dock" */ = {
			isa = XCConfigurationList;
			buildConfigurations = (
				1191CF362C8F242300B223FF /* Debug */,
				1191CF372C8F242300B223FF /* Release */,
			);
			defaultConfigurationIsVisible = 0;
			defaultConfigurationName = Release;
		};
/* End XCConfigurationList section */
	};
	rootObject = 1191CF192C8F242000B223FF /* Project object */;
}
